
Microsoft Visual Studio Solution File, Format Version 12.00
# Visual Studio Version 17
VisualStudioVersion = 17.3.32901.215
MinimumVisualStudioVersion = 10.0.40219.1
Project("{FAE04EC0-301F-11D3-BF4B-00C04F79EFBC}") = "RandomSound", "RandomSound\RandomSound.csproj", "{A3D6E93B-D7BB-40E9-90E7-47719D808FAD}"
EndProject
Global
	GlobalSection(SolutionConfigurationPlatforms) = preSolution
		Debug|Any CPU = Debug|Any CPU
		Release|Any CPU = Release|Any CPU
	EndGlobalSection
	GlobalSection(ProjectConfigurationPlatforms) = postSolution
		{A3D6E93B-D7BB-40E9-90E7-47719D808FAD}.Debug|Any CPU.ActiveCfg = Debug|Any CPU
		{A3D6E93B-D7BB-40E9-90E7-47719D808FAD}.Debug|Any CPU.Build.0 = Debug|Any CPU
		{A3D6E93B-D7BB-40E9-90E7-47719D808FAD}.Release|Any CPU.ActiveCfg = Release|Any CPU
		{A3D6E93B-D7BB-40E9-90E7-47719D808FAD}.Release|Any CPU.Build.0 = Release|Any CPU
	EndGlobalSection
	GlobalSection(SolutionProperties) = preSolution
		HideSolutionNode = FALSE
	EndGlobalSection
	GlobalSection(ExtensibilityGlobals) = postSolution
		SolutionGuid = {28543C3F-C418-42EE-AD8B-20E12DB9C25C}
	EndGlobalSection
EndGlobal
